
Microsoft Visual Studio Solution File, Format Version 12.00
# Visual Studio Version 17
VisualStudioVersion = 17.2.32526.322
MinimumVisualStudioVersion = 10.0.40219.1
Project("{FAE04EC0-301F-11D3-BF4B-00C04F79EFBC}") = "ReaderSituacionFiscal", "ReaderSituacionFiscal\ReaderSituacionFiscal.csproj", "{0D2552C0-0042-4601-B2B6-D8F27F1C2D09}"
EndProject
Global
	GlobalSection(SolutionConfigurationPlatforms) = preSolution
		Debug|Any CPU = Debug|Any CPU
		Release|Any CPU = Release|Any CPU
	EndGlobalSection
	GlobalSection(ProjectConfigurationPlatforms) = postSolution
		{0D2552C0-0042-4601-B2B6-D8F27F1C2D09}.Debug|Any CPU.ActiveCfg = Debug|Any CPU
		{0D2552C0-0042-4601-B2B6-D8F27F1C2D09}.Debug|Any CPU.Build.0 = Debug|Any CPU
		{0D2552C0-0042-4601-B2B6-D8F27F1C2D09}.Release|Any CPU.ActiveCfg = Release|Any CPU
		{0D2552C0-0042-4601-B2B6-D8F27F1C2D09}.Release|Any CPU.Build.0 = Release|Any CPU
	EndGlobalSection
	GlobalSection(SolutionProperties) = preSolution
		HideSolutionNode = FALSE
	EndGlobalSection
	GlobalSection(ExtensibilityGlobals) = postSolution
		SolutionGuid = {CD385382-FAC5-4B83-A93C-B39F53770E6B}
	EndGlobalSection
EndGlobal
